<?xml version="1.0" encoding="utf-8"?>
<Project ToolsVersion="4.0" xmlns="http://schemas.microsoft.com/developer/msbuild/2003">
  <ItemGroup>
    <ApplicationDefinition Include="App.xaml" />
  </ItemGroup>
  <ItemGroup>
    <ClCompile Include="pch.cpp" />
    <ClCompile Include="$(GeneratedFilesDir)module.g.cpp" />
    <ClCompile Include="Engine\Texture.h">
      <Filter>Engine</Filter>
    </ClCompile>
    <ClCompile Include="Engine\Game.cpp">
      <Filter>Engine</Filter>
    </ClCompile>
    <ClCompile Include="Engine\Sprite.cpp">
      <Filter>Engine</Filter>
    </ClCompile>
    <ClCompile Include="Engine\TextureStore.cpp">
      <Filter>Engine</Filter>
    </ClCompile>
    <ClCompile Include="Engine\Texture.cpp">
      <Filter>Engine</Filter>
    </ClCompile>
    <ClCompile Include="Engine\InputState.cpp">
      <Filter>Engine</Filter>
    </ClCompile>
    <ClCompile Include="Engine\Camera2D.cpp">
      <Filter>Engine</Filter>
    </ClCompile>
    <ClCompile Include="Engine\ActionMap.cpp">
      <Filter>Engine</Filter>
    </ClCompile>
    <ClCompile Include="Engine\SoundManager.cpp">
      <Filter>Engine</Filter>
    </ClCompile>
    <ClCompile Include="Game\Resources\Cfg.cpp">
      <Filter>Game\Resources</Filter>
    </ClCompile>
    <ClCompile Include="Engine\FontManager.cpp">
      <Filter>Engine</Filter>
    </ClCompile>
    <ClCompile Include="Engine\Text.cpp">
      <Filter>Engine</Filter>
    </ClCompile>
  </ItemGroup>
  <ItemGroup>
    <ClInclude Include="pch.h" />
    <ClInclude Include="Engine\Math.h">
      <Filter>Engine</Filter>
    </ClInclude>
    <ClInclude Include="Engine\Game.h">
      <Filter>Engine</Filter>
    </ClInclude>
    <ClInclude Include="Engine\Renderer2D.h">
      <Filter>Engine</Filter>
    </ClInclude>
    <ClInclude Include="Engine\Sprite.h">
      <Filter>Engine</Filter>
    </ClInclude>
    <ClInclude Include="Engine\SpriteBatchScope.h">
      <Filter>Engine</Filter>
    </ClInclude>
    <ClInclude Include="Engine\TextureStore.h">
      <Filter>Engine</Filter>
    </ClInclude>
    <ClInclude Include="Engine\InputState.h">
      <Filter>Engine</Filter>
    </ClInclude>
    <ClInclude Include="Engine\Camera2D.h">
      <Filter>Engine</Filter>
    </ClInclude>
    <ClInclude Include="Engine\Matrix2D.h">
      <Filter>Engine</Filter>
    </ClInclude>
    <ClInclude Include="Engine\ActionMap.h">
      <Filter>Engine</Filter>
    </ClInclude>
    <ClInclude Include="Engine\SoundManager.h">
      <Filter>Engine</Filter>
    </ClInclude>
    <ClInclude Include="Game\Resources\Cfg.h">
      <Filter>Game\Resources</Filter>
    </ClInclude>
    <ClInclude Include="Engine\Font.h">
      <Filter>Engine</Filter>
    </ClInclude>
    <ClInclude Include="Engine\FontManager.h">
      <Filter>Engine</Filter>
    </ClInclude>
    <ClInclude Include="Engine\Text.h">
      <Filter>Engine</Filter>
    </ClInclude>
  </ItemGroup>
  <ItemGroup>
    <Image Include="Assets\LockScreenLogo.scale-200.png" />
    <Image Include="Assets\SplashScreen.scale-200.png" />
    <Image Include="Assets\Square150x150Logo.scale-200.png" />
    <Image Include="Assets\Square44x44Logo.scale-200.png" />
    <Image Include="Assets\Square44x44Logo.targetsize-24_altform-unplated.png" />
    <Image Include="Assets\StoreLogo.png" />
    <Image Include="Assets\Wide310x150Logo.scale-200.png" />
    <Image Include="Assets\Textures\Characters\Player\player_atlas.png">
      <Filter>Textures\Characters\Player</Filter>
    </Image>
    <Image Include="Assets\Textures\Tilesets\tileset1.png">
      <Filter>Textures\Tilesets</Filter>
    </Image>
    <Image Include="Assets\Textures\Characters\Player\ship.png">
      <Filter>Textures\Characters\Player</Filter>
    </Image>
  </ItemGroup>
  <ItemGroup>
    <AppxManifest Include="Package.appxmanifest" />
  </ItemGroup>
  <ItemGroup>
    <None Include="PropertySheet.props" />
    <None Include="Intendo Man_TemporaryKey.pfx" />
    <None Include="packages.config" />
  </ItemGroup>
  <ItemGroup>
    <Text Include="readme.txt" />
  </ItemGroup>
  <ItemGroup>
    <Page Include="MainPage.xaml" />
  </ItemGroup>
  <ItemGroup>
    <Filter Include="Textures">
      <UniqueIdentifier>{1f8139d4-4ee8-4f11-a99e-f6b8f0f3e122}</UniqueIdentifier>
    </Filter>
    <Filter Include="Textures\Tilesets">
      <UniqueIdentifier>{004c2793-5045-46e4-923a-2bbe47b17381}</UniqueIdentifier>
    </Filter>
    <Filter Include="Textures\Characters">
      <UniqueIdentifier>{fdbb3be4-f5d8-40da-beea-0effea3287b7}</UniqueIdentifier>
    </Filter>
    <Filter Include="Textures\Characters\Player">
      <UniqueIdentifier>{6b64236e-de24-4ce5-be64-0bb0807dc6aa}</UniqueIdentifier>
    </Filter>
    <Filter Include="Engine">
      <UniqueIdentifier>{7d71aafe-5837-4dae-851c-b1dce17fb635}</UniqueIdentifier>
    </Filter>
    <Filter Include="Audio">
      <UniqueIdentifier>{3756846b-cbad-4c9b-b3b8-91bce924e1bb}</UniqueIdentifier>
    </Filter>
    <Filter Include="Game">
      <UniqueIdentifier>{1482d567-d676-4ddd-99a4-a9532746270e}</UniqueIdentifier>
    </Filter>
    <Filter Include="Game\Resources">
      <UniqueIdentifier>{c0d9a3aa-781b-4c34-b8c0-5dac2d1e5e11}</UniqueIdentifier>
    </Filter>
    <Filter Include="Fonts">
      <UniqueIdentifier>{500b52fb-4a61-4cf2-9d50-61ec60bb8bf5}</UniqueIdentifier>
    </Filter>
  </ItemGroup>
  <ItemGroup>
    <Media Include="Assets\Audio\blip.wav">
      <Filter>Audio</Filter>
    </Media>
    <Media Include="Assets\Audio\theme.mp3">
      <Filter>Audio</Filter>
    </Media>
  </ItemGroup>
  <ItemGroup>
    <Font Include="Assets\Fonts\bubbly.ttf">
      <Filter>Fonts</Filter>
    </Font>
  </ItemGroup>
</Project>