<?xml version="1.0" encoding="utf-8"?>
<Project ToolsVersion="4.0" xmlns="http://schemas.microsoft.com/developer/msbuild/2003">
  <ItemGroup>
    <ClCompile Include="Engine\Game.cpp">
      <Filter>Engine</Filter>
    </ClCompile>
    <ClCompile Include="Engine\Sprite.cpp">
      <Filter>Engine</Filter>
    </ClCompile>
    <ClCompile Include="Engine\TextureStore.cpp">
      <Filter>Engine</Filter>
    </ClCompile>
    <ClCompile Include="Engine\Texture.cpp">
      <Filter>Engine</Filter>
    </ClCompile>
    <ClCompile Include="Engine\InputState.cpp">
      <Filter>Engine</Filter>
    </ClCompile>
    <ClCompile Include="Engine\Camera2D.cpp">
      <Filter>Engine</Filter>
    </ClCompile>
    <ClCompile Include="Engine\ActionMap.cpp">
      <Filter>Engine</Filter>
    </ClCompile>
    <ClCompile Include="Engine\SoundManager.cpp">
      <Filter>Engine</Filter>
    </ClCompile>
    <ClCompile Include="Game\Resources\Cfg.cpp">
      <Filter>Game\Resources</Filter>
    </ClCompile>
    <ClCompile Include="Engine\FontManager.cpp">
      <Filter>Engine</Filter>
    </ClCompile>
    <ClCompile Include="Engine\Text.cpp">
      <Filter>Engine</Filter>
    </ClCompile>
    <ClCompile Include="Game\Objects\GameObject.cpp">
      <Filter>Game\Objects</Filter>
    </ClCompile>
    <ClCompile Include="Game\Objects\AnimObject.cpp">
      <Filter>Game\Objects</Filter>
    </ClCompile>
    <ClCompile Include="Game\Mgmt\GameManager.cpp">
      <Filter>Game\Mgmt</Filter>
    </ClCompile>
    <ClCompile Include="Game\Mgmt\GameStateManager.cpp">
      <Filter>Game\Mgmt</Filter>
    </ClCompile>
    <ClCompile Include="Game\GameStates\GameOverState.cpp">
      <Filter>Game\GameStates</Filter>
    </ClCompile>
    <ClCompile Include="Game\GameStates\GameState.cpp">
      <Filter>Game\GameStates</Filter>
    </ClCompile>
    <ClCompile Include="Game\GameStates\GameStateBase.cpp">
      <Filter>Game\GameStates</Filter>
    </ClCompile>
    <ClCompile Include="Game\GameStates\PlayState.cpp">
      <Filter>Game\GameStates</Filter>
    </ClCompile>
    <ClCompile Include="Game\GameStates\StageSelectState.cpp">
      <Filter>Game\GameStates</Filter>
    </ClCompile>
    <ClCompile Include="Game\GameStates\StartState.cpp">
      <Filter>Game\GameStates</Filter>
    </ClCompile>
    <ClCompile Include="Game\GameStates\TitleState.cpp">
      <Filter>Game\GameStates</Filter>
    </ClCompile>
    <ClCompile Include="Game\Mgmt\StageManager.cpp">
      <Filter>Game\Mgmt</Filter>
    </ClCompile>
    <ClCompile Include="Game\GameStates\MenuState.cpp">
      <Filter>Game\GameStates</Filter>
    </ClCompile>
    <ClCompile Include="$(GeneratedFilesDir)module.g.cpp">
      <Filter>App</Filter>
    </ClCompile>
    <ClCompile Include="pch.cpp">
      <Filter>App</Filter>
    </ClCompile>
    <ClCompile Include="Game\Map\Tile.cpp">
      <Filter>Game\Map</Filter>
    </ClCompile>
    <ClCompile Include="Game\Map\Tilemap.cpp">
      <Filter>Game\Map</Filter>
    </ClCompile>
    <ClCompile Include="Game\Map\Tileset.cpp">
      <Filter>Game\Map</Filter>
    </ClCompile>
    <ClCompile Include="Game\Objects\Player.cpp">
      <Filter>Game\Objects</Filter>
    </ClCompile>
    <ClCompile Include="Systems\PhysicsSys.cpp">
      <Filter>Systems</Filter>
    </ClCompile>
    <ClCompile Include="Engine\Utils.cpp">
      <Filter>Engine</Filter>
    </ClCompile>
  </ItemGroup>
  <ItemGroup>
    <ClInclude Include="Engine\Math.h">
      <Filter>Engine</Filter>
    </ClInclude>
    <ClInclude Include="Engine\Game.h">
      <Filter>Engine</Filter>
    </ClInclude>
    <ClInclude Include="Engine\Renderer2D.h">
      <Filter>Engine</Filter>
    </ClInclude>
    <ClInclude Include="Engine\Sprite.h">
      <Filter>Engine</Filter>
    </ClInclude>
    <ClInclude Include="Engine\SpriteBatchScope.h">
      <Filter>Engine</Filter>
    </ClInclude>
    <ClInclude Include="Engine\TextureStore.h">
      <Filter>Engine</Filter>
    </ClInclude>
    <ClInclude Include="Engine\InputState.h">
      <Filter>Engine</Filter>
    </ClInclude>
    <ClInclude Include="Engine\Camera2D.h">
      <Filter>Engine</Filter>
    </ClInclude>
    <ClInclude Include="Engine\Matrix2D.h">
      <Filter>Engine</Filter>
    </ClInclude>
    <ClInclude Include="Engine\ActionMap.h">
      <Filter>Engine</Filter>
    </ClInclude>
    <ClInclude Include="Engine\SoundManager.h">
      <Filter>Engine</Filter>
    </ClInclude>
    <ClInclude Include="Game\Resources\Cfg.h">
      <Filter>Game\Resources</Filter>
    </ClInclude>
    <ClInclude Include="Engine\Font.h">
      <Filter>Engine</Filter>
    </ClInclude>
    <ClInclude Include="Engine\FontManager.h">
      <Filter>Engine</Filter>
    </ClInclude>
    <ClInclude Include="Engine\Text.h">
      <Filter>Engine</Filter>
    </ClInclude>
    <ClInclude Include="Game\Objects\GameObject.h">
      <Filter>Game\Objects</Filter>
    </ClInclude>
    <ClInclude Include="Game\Objects\AnimObject.h">
      <Filter>Game\Objects</Filter>
    </ClInclude>
    <ClInclude Include="Game\Mgmt\game_states.h">
      <Filter>Game\Mgmt</Filter>
    </ClInclude>
    <ClInclude Include="Game\Mgmt\GameManager.h">
      <Filter>Game\Mgmt</Filter>
    </ClInclude>
    <ClInclude Include="Game\Mgmt\GameStateManager.h">
      <Filter>Game\Mgmt</Filter>
    </ClInclude>
    <ClInclude Include="Game\GameStates\GameOverState.h">
      <Filter>Game\GameStates</Filter>
    </ClInclude>
    <ClInclude Include="Game\GameStates\GameState.h">
      <Filter>Game\GameStates</Filter>
    </ClInclude>
    <ClInclude Include="Game\GameStates\GameStateBase.h">
      <Filter>Game\GameStates</Filter>
    </ClInclude>
    <ClInclude Include="Game\GameStates\MenuState.h">
      <Filter>Game\GameStates</Filter>
    </ClInclude>
    <ClInclude Include="Game\GameStates\PlayState.h">
      <Filter>Game\GameStates</Filter>
    </ClInclude>
    <ClInclude Include="Game\GameStates\StageSelectState.h">
      <Filter>Game\GameStates</Filter>
    </ClInclude>
    <ClInclude Include="Game\GameStates\StartState.h">
      <Filter>Game\GameStates</Filter>
    </ClInclude>
    <ClInclude Include="Game\GameStates\TitleState.h">
      <Filter>Game\GameStates</Filter>
    </ClInclude>
    <ClInclude Include="Engine\Texture.h">
      <Filter>Engine</Filter>
    </ClInclude>
    <ClInclude Include="Game\Mgmt\StageManager.h">
      <Filter>Game\Mgmt</Filter>
    </ClInclude>
    <ClInclude Include="pch.h">
      <Filter>App</Filter>
    </ClInclude>
    <ClInclude Include="Game\Map\Tile.h">
      <Filter>Game\Map</Filter>
    </ClInclude>
    <ClInclude Include="Game\Map\Tilemap.h">
      <Filter>Game\Map</Filter>
    </ClInclude>
    <ClInclude Include="Game\Map\Tileset.h">
      <Filter>Game\Map</Filter>
    </ClInclude>
    <ClInclude Include="Game\Objects\Player.h">
      <Filter>Game\Objects</Filter>
    </ClInclude>
    <ClInclude Include="Systems\PhysicsSys.h">
      <Filter>Systems</Filter>
    </ClInclude>
    <ClInclude Include="Engine\Utils.h">
      <Filter>Engine</Filter>
    </ClInclude>
    <ClInclude Include="Game\Animation\AnimatorSM.h">
      <Filter>Game\Animation</Filter>
    </ClInclude>
    <ClInclude Include="Game\Animation\AnimCommon.h">
      <Filter>Game\Animation</Filter>
    </ClInclude>
  </ItemGroup>
  <ItemGroup>
    <Image Include="Assets\Textures\Characters\Player\player_atlas.png">
      <Filter>Textures\Characters\Player</Filter>
    </Image>
    <Image Include="Assets\Textures\Tilesets\tileset1.png">
      <Filter>Textures\Tilesets</Filter>
    </Image>
    <Image Include="Assets\Textures\Characters\Player\ship.png">
      <Filter>Textures\Characters\Player</Filter>
    </Image>
    <Image Include="Assets\SplashScreen.scale-200.png">
      <Filter>Textures\XbxMain</Filter>
    </Image>
    <Image Include="Assets\Square44x44Logo.scale-200.png">
      <Filter>Textures\XbxMain</Filter>
    </Image>
    <Image Include="Assets\Square44x44Logo.targetsize-24_altform-unplated.png">
      <Filter>Textures\XbxMain</Filter>
    </Image>
    <Image Include="Assets\Square150x150Logo.scale-200.png">
      <Filter>Textures\XbxMain</Filter>
    </Image>
    <Image Include="Assets\StoreLogo.png">
      <Filter>Textures\XbxMain</Filter>
    </Image>
    <Image Include="Assets\Wide310x150Logo.scale-200.png">
      <Filter>Textures\XbxMain</Filter>
    </Image>
    <Image Include="Assets\LockScreenLogo.scale-200.png">
      <Filter>Textures\XbxMain</Filter>
    </Image>
    <Image Include="Assets\Textures\Tilesets\tileset2.png" />
    <Image Include="Assets\Textures\Misc\under.png">
      <Filter>Textures\Misc</Filter>
    </Image>
  </ItemGroup>
  <ItemGroup>
    <None Include="Intendo Man_TemporaryKey.pfx">
      <Filter>App</Filter>
    </None>
    <None Include="packages.config">
      <Filter>App</Filter>
    </None>
    <None Include="PropertySheet.props">
      <Filter>App</Filter>
    </None>
    <None Include="Assets\Anims\Player.anm">
      <Filter>Anims</Filter>
    </None>
  </ItemGroup>
  <ItemGroup>
    <Filter Include="Textures">
      <UniqueIdentifier>{1f8139d4-4ee8-4f11-a99e-f6b8f0f3e122}</UniqueIdentifier>
    </Filter>
    <Filter Include="Textures\Tilesets">
      <UniqueIdentifier>{004c2793-5045-46e4-923a-2bbe47b17381}</UniqueIdentifier>
    </Filter>
    <Filter Include="Textures\Characters">
      <UniqueIdentifier>{fdbb3be4-f5d8-40da-beea-0effea3287b7}</UniqueIdentifier>
    </Filter>
    <Filter Include="Textures\Characters\Player">
      <UniqueIdentifier>{6b64236e-de24-4ce5-be64-0bb0807dc6aa}</UniqueIdentifier>
    </Filter>
    <Filter Include="Engine">
      <UniqueIdentifier>{7d71aafe-5837-4dae-851c-b1dce17fb635}</UniqueIdentifier>
    </Filter>
    <Filter Include="Audio">
      <UniqueIdentifier>{3756846b-cbad-4c9b-b3b8-91bce924e1bb}</UniqueIdentifier>
    </Filter>
    <Filter Include="Game">
      <UniqueIdentifier>{1482d567-d676-4ddd-99a4-a9532746270e}</UniqueIdentifier>
    </Filter>
    <Filter Include="Game\Resources">
      <UniqueIdentifier>{c0d9a3aa-781b-4c34-b8c0-5dac2d1e5e11}</UniqueIdentifier>
    </Filter>
    <Filter Include="Fonts">
      <UniqueIdentifier>{500b52fb-4a61-4cf2-9d50-61ec60bb8bf5}</UniqueIdentifier>
    </Filter>
    <Filter Include="Game\Objects">
      <UniqueIdentifier>{c94c8b92-a189-424f-9882-7803d902bac8}</UniqueIdentifier>
    </Filter>
    <Filter Include="Game\Mgmt">
      <UniqueIdentifier>{cf11dd62-77b4-4e3b-b021-7a684b473e66}</UniqueIdentifier>
    </Filter>
    <Filter Include="Game\GameStates">
      <UniqueIdentifier>{d360934a-d6b0-4b61-b4ed-d8a1572d9844}</UniqueIdentifier>
    </Filter>
    <Filter Include="Textures\XbxMain">
      <UniqueIdentifier>{60aa31ee-e3d6-4bf6-814e-b33421384ebf}</UniqueIdentifier>
    </Filter>
    <Filter Include="App">
      <UniqueIdentifier>{9df1c943-0a5e-486c-a70f-bddf88e11595}</UniqueIdentifier>
    </Filter>
    <Filter Include="Game\Map">
      <UniqueIdentifier>{4f9e168c-c663-4148-888d-1b3665662fe9}</UniqueIdentifier>
    </Filter>
    <Filter Include="Anims">
      <UniqueIdentifier>{788bc38e-798f-448f-b71c-be1209afa3ac}</UniqueIdentifier>
    </Filter>
    <Filter Include="Systems">
      <UniqueIdentifier>{fd34ed82-93af-4834-8532-d728469bf375}</UniqueIdentifier>
    </Filter>
    <Filter Include="Textures\Misc">
      <UniqueIdentifier>{1bee4257-18b4-4e5a-9a17-b93ebfc40716}</UniqueIdentifier>
    </Filter>
    <Filter Include="Game\Animation">
      <UniqueIdentifier>{60f11ad2-cde4-4162-846f-3bc414edebe5}</UniqueIdentifier>
    </Filter>
  </ItemGroup>
  <ItemGroup>
    <Media Include="Assets\Audio\blip.wav">
      <Filter>Audio</Filter>
    </Media>
    <Media Include="Assets\Audio\theme.mp3">
      <Filter>Audio</Filter>
    </Media>
  </ItemGroup>
  <ItemGroup>
    <Font Include="Assets\Fonts\bubbly.ttf">
      <Filter>Fonts</Filter>
    </Font>
  </ItemGroup>
  <ItemGroup>
    <ApplicationDefinition Include="App.xaml">
      <Filter>App</Filter>
    </ApplicationDefinition>
  </ItemGroup>
  <ItemGroup>
    <Page Include="MainPage.xaml">
      <Filter>App</Filter>
    </Page>
  </ItemGroup>
  <ItemGroup>
    <AppxManifest Include="Package.appxmanifest">
      <Filter>App</Filter>
    </AppxManifest>
  </ItemGroup>
  <ItemGroup>
    <Text Include="readme.txt">
      <Filter>App</Filter>
    </Text>
    <Text Include="Assets\Datas\Tilemaps\tilemap1.map" />
    <Text Include="Assets\Datas\Tilesets\tileset2.tst" />
  </ItemGroup>
</Project>